
Microsoft Visual Studio Solution File, Format Version 12.00
# Visual Studio 15
Project("{FAE04EC0-301F-11D3-BF4B-00C04F79EFBC}") = "Assembly-CSharp", "Assembly-CSharp.csproj", "{D18200F2-7239-717C-826A-B1049034E22C}"
EndProject
Project("{FAE04EC0-301F-11D3-BF4B-00C04F79EFBC}") = "PhotonUnityNetworking.Demos", "PhotonUnityNetworking.Demos.csproj", "{9E9E3F3E-D595-A6B3-4057-E45E7D652ACB}"
EndProject
Project("{FAE04EC0-301F-11D3-BF4B-00C04F79EFBC}") = "PhotonUnityNetworking.Utilities", "PhotonUnityNetworking.Utilities.csproj", "{6C45DF19-B6FA-2D9F-E364-A1EB8C3C7883}"
EndProject
Project("{FAE04EC0-301F-11D3-BF4B-00C04F79EFBC}") = "PhotonChat", "PhotonChat.csproj", "{9E50CBE7-FB42-2858-3D58-F48C799EF2E2}"
EndProject
Project("{FAE04EC0-301F-11D3-BF4B-00C04F79EFBC}") = "PhotonUnityNetworking", "PhotonUnityNetworking.csproj", "{CD87F631-5875-67A3-6C4F-DE7DAF936C85}"
EndProject
Project("{FAE04EC0-301F-11D3-BF4B-00C04F79EFBC}") = "PhotonRealtime", "PhotonRealtime.csproj", "{031FD2B5-E67D-97A4-FEB0-C66594F56426}"
EndProject
Project("{FAE04EC0-301F-11D3-BF4B-00C04F79EFBC}") = "PhotonWebSocket", "PhotonWebSocket.csproj", "{3BBBB6A2-A3AF-2F5C-79EE-B15EFD0749DB}"
EndProject
Project("{FAE04EC0-301F-11D3-BF4B-00C04F79EFBC}") = "Assembly-CSharp-Editor", "Assembly-CSharp-Editor.csproj", "{093B38DB-E27D-824E-6DC0-87B2AE1CACBC}"
EndProject
Project("{FAE04EC0-301F-11D3-BF4B-00C04F79EFBC}") = "PhotonUnityNetworking.Editor", "PhotonUnityNetworking.Editor.csproj", "{98877C49-2D8B-7316-B3D9-F2CE4879C058}"
EndProject
Project("{FAE04EC0-301F-11D3-BF4B-00C04F79EFBC}") = "PunDemos.DemoHubEditor", "PunDemos.DemoHubEditor.csproj", "{13605C72-F483-541C-BA7D-DF2C2FEAE63B}"
EndProject
Project("{FAE04EC0-301F-11D3-BF4B-00C04F79EFBC}") = "PhotonUnityNetworking.Utilities.PhotonPlayer.Editor", "PhotonUnityNetworking.Utilities.PhotonPlayer.Editor.csproj", "{01CD3424-2AB1-C4E9-CAE3-C8C05BA804C9}"
EndProject
Project("{FAE04EC0-301F-11D3-BF4B-00C04F79EFBC}") = "PhotonUnityNetworking.Utilities.Culling.Editor", "PhotonUnityNetworking.Utilities.Culling.Editor.csproj", "{B8426D31-5F00-B408-DBE0-A7F571D77A66}"
EndProject
Project("{FAE04EC0-301F-11D3-BF4B-00C04F79EFBC}") = "PunDemos.DemoSlotcarEditor", "PunDemos.DemoSlotcarEditor.csproj", "{F322494B-9E2E-C184-E07C-D26C81C40F5D}"
EndProject
Global
	GlobalSection(SolutionConfigurationPlatforms) = preSolution
		Debug|Any CPU = Debug|Any CPU
		Release|Any CPU = Release|Any CPU
	EndGlobalSection
	GlobalSection(ProjectConfigurationPlatforms) = postSolution
		{D18200F2-7239-717C-826A-B1049034E22C}.Debug|Any CPU.ActiveCfg = Debug|Any CPU
		{D18200F2-7239-717C-826A-B1049034E22C}.Debug|Any CPU.Build.0 = Debug|Any CPU
		{D18200F2-7239-717C-826A-B1049034E22C}.Release|Any CPU.ActiveCfg = Release|Any CPU
		{D18200F2-7239-717C-826A-B1049034E22C}.Release|Any CPU.Build.0 = Release|Any CPU
		{9E9E3F3E-D595-A6B3-4057-E45E7D652ACB}.Debug|Any CPU.ActiveCfg = Debug|Any CPU
		{9E9E3F3E-D595-A6B3-4057-E45E7D652ACB}.Debug|Any CPU.Build.0 = Debug|Any CPU
		{9E9E3F3E-D595-A6B3-4057-E45E7D652ACB}.Release|Any CPU.ActiveCfg = Release|Any CPU
		{9E9E3F3E-D595-A6B3-4057-E45E7D652ACB}.Release|Any CPU.Build.0 = Release|Any CPU
		{6C45DF19-B6FA-2D9F-E364-A1EB8C3C7883}.Debug|Any CPU.ActiveCfg = Debug|Any CPU
		{6C45DF19-B6FA-2D9F-E364-A1EB8C3C7883}.Debug|Any CPU.Build.0 = Debug|Any CPU
		{6C45DF19-B6FA-2D9F-E364-A1EB8C3C7883}.Release|Any CPU.ActiveCfg = Release|Any CPU
		{6C45DF19-B6FA-2D9F-E364-A1EB8C3C7883}.Release|Any CPU.Build.0 = Release|Any CPU
		{9E50CBE7-FB42-2858-3D58-F48C799EF2E2}.Debug|Any CPU.ActiveCfg = Debug|Any CPU
		{9E50CBE7-FB42-2858-3D58-F48C799EF2E2}.Debug|Any CPU.Build.0 = Debug|Any CPU
		{9E50CBE7-FB42-2858-3D58-F48C799EF2E2}.Release|Any CPU.ActiveCfg = Release|Any CPU
		{9E50CBE7-FB42-2858-3D58-F48C799EF2E2}.Release|Any CPU.Build.0 = Release|Any CPU
		{CD87F631-5875-67A3-6C4F-DE7DAF936C85}.Debug|Any CPU.ActiveCfg = Debug|Any CPU
		{CD87F631-5875-67A3-6C4F-DE7DAF936C85}.Debug|Any CPU.Build.0 = Debug|Any CPU
		{CD87F631-5875-67A3-6C4F-DE7DAF936C85}.Release|Any CPU.ActiveCfg = Release|Any CPU
		{CD87F631-5875-67A3-6C4F-DE7DAF936C85}.Release|Any CPU.Build.0 = Release|Any CPU
		{031FD2B5-E67D-97A4-FEB0-C66594F56426}.Debug|Any CPU.ActiveCfg = Debug|Any CPU
		{031FD2B5-E67D-97A4-FEB0-C66594F56426}.Debug|Any CPU.Build.0 = Debug|Any CPU
		{031FD2B5-E67D-97A4-FEB0-C66594F56426}.Release|Any CPU.ActiveCfg = Release|Any CPU
		{031FD2B5-E67D-97A4-FEB0-C66594F56426}.Release|Any CPU.Build.0 = Release|Any CPU
		{3BBBB6A2-A3AF-2F5C-79EE-B15EFD0749DB}.Debug|Any CPU.ActiveCfg = Debug|Any CPU
		{3BBBB6A2-A3AF-2F5C-79EE-B15EFD0749DB}.Debug|Any CPU.Build.0 = Debug|Any CPU
		{3BBBB6A2-A3AF-2F5C-79EE-B15EFD0749DB}.Release|Any CPU.ActiveCfg = Release|Any CPU
		{3BBBB6A2-A3AF-2F5C-79EE-B15EFD0749DB}.Release|Any CPU.Build.0 = Release|Any CPU
		{093B38DB-E27D-824E-6DC0-87B2AE1CACBC}.Debug|Any CPU.ActiveCfg = Debug|Any CPU
		{093B38DB-E27D-824E-6DC0-87B2AE1CACBC}.Debug|Any CPU.Build.0 = Debug|Any CPU
		{093B38DB-E27D-824E-6DC0-87B2AE1CACBC}.Release|Any CPU.ActiveCfg = Release|Any CPU
		{093B38DB-E27D-824E-6DC0-87B2AE1CACBC}.Release|Any CPU.Build.0 = Release|Any CPU
		{98877C49-2D8B-7316-B3D9-F2CE4879C058}.Debug|Any CPU.ActiveCfg = Debug|Any CPU
		{98877C49-2D8B-7316-B3D9-F2CE4879C058}.Debug|Any CPU.Build.0 = Debug|Any CPU
		{98877C49-2D8B-7316-B3D9-F2CE4879C058}.Release|Any CPU.ActiveCfg = Release|Any CPU
		{98877C49-2D8B-7316-B3D9-F2CE4879C058}.Release|Any CPU.Build.0 = Release|Any CPU
		{13605C72-F483-541C-BA7D-DF2C2FEAE63B}.Debug|Any CPU.ActiveCfg = Debug|Any CPU
		{13605C72-F483-541C-BA7D-DF2C2FEAE63B}.Debug|Any CPU.Build.0 = Debug|Any CPU
		{13605C72-F483-541C-BA7D-DF2C2FEAE63B}.Release|Any CPU.ActiveCfg = Release|Any CPU
		{13605C72-F483-541C-BA7D-DF2C2FEAE63B}.Release|Any CPU.Build.0 = Release|Any CPU
		{01CD3424-2AB1-C4E9-CAE3-C8C05BA804C9}.Debug|Any CPU.ActiveCfg = Debug|Any CPU
		{01CD3424-2AB1-C4E9-CAE3-C8C05BA804C9}.Debug|Any CPU.Build.0 = Debug|Any CPU
		{01CD3424-2AB1-C4E9-CAE3-C8C05BA804C9}.Release|Any CPU.ActiveCfg = Release|Any CPU
		{01CD3424-2AB1-C4E9-CAE3-C8C05BA804C9}.Release|Any CPU.Build.0 = Release|Any CPU
		{B8426D31-5F00-B408-DBE0-A7F571D77A66}.Debug|Any CPU.ActiveCfg = Debug|Any CPU
		{B8426D31-5F00-B408-DBE0-A7F571D77A66}.Debug|Any CPU.Build.0 = Debug|Any CPU
		{B8426D31-5F00-B408-DBE0-A7F571D77A66}.Release|Any CPU.ActiveCfg = Release|Any CPU
		{B8426D31-5F00-B408-DBE0-A7F571D77A66}.Release|Any CPU.Build.0 = Release|Any CPU
		{F322494B-9E2E-C184-E07C-D26C81C40F5D}.Debug|Any CPU.ActiveCfg = Debug|Any CPU
		{F322494B-9E2E-C184-E07C-D26C81C40F5D}.Debug|Any CPU.Build.0 = Debug|Any CPU
		{F322494B-9E2E-C184-E07C-D26C81C40F5D}.Release|Any CPU.ActiveCfg = Release|Any CPU
		{F322494B-9E2E-C184-E07C-D26C81C40F5D}.Release|Any CPU.Build.0 = Release|Any CPU
	EndGlobalSection
	GlobalSection(SolutionProperties) = preSolution
		HideSolutionNode = FALSE
	EndGlobalSection
EndGlobal
