
Microsoft Visual Studio Solution File, Format Version 12.00
# Visual Studio 15
Project("{FAE04EC0-301F-11D3-BF4B-00C04F79EFBC}") = "Assembly-CSharp", "Assembly-CSharp.csproj", "{E6D2B752-C191-AB30-1854-40B59837CD0A}"
EndProject
Project("{FAE04EC0-301F-11D3-BF4B-00C04F79EFBC}") = "PhotonUnityNetworking.Demos", "PhotonUnityNetworking.Demos.csproj", "{ACFB0337-70D3-00F6-AFD5-CD6559962C3F}"
EndProject
Project("{FAE04EC0-301F-11D3-BF4B-00C04F79EFBC}") = "PhotonUnityNetworking.Utilities", "PhotonUnityNetworking.Utilities.csproj", "{D3F190EF-0ED0-2AAE-D352-217542974145}"
EndProject
Project("{FAE04EC0-301F-11D3-BF4B-00C04F79EFBC}") = "PhotonChat", "PhotonChat.csproj", "{7BF2EB31-A3BB-9EF0-93FF-EA962CBD75FB}"
EndProject
Project("{FAE04EC0-301F-11D3-BF4B-00C04F79EFBC}") = "PhotonUnityNetworking", "PhotonUnityNetworking.csproj", "{3CB8DC89-43A2-AE1B-1BD3-51C9B3F548D5}"
EndProject
Project("{FAE04EC0-301F-11D3-BF4B-00C04F79EFBC}") = "PhotonRealtime", "PhotonRealtime.csproj", "{9D334D70-174E-2F9D-8B55-120CE28135EB}"
EndProject
Project("{FAE04EC0-301F-11D3-BF4B-00C04F79EFBC}") = "PhotonWebSocket", "PhotonWebSocket.csproj", "{72886309-9523-DB91-7B18-7F91294376C3}"
EndProject
Project("{FAE04EC0-301F-11D3-BF4B-00C04F79EFBC}") = "Assembly-CSharp-Editor", "Assembly-CSharp-Editor.csproj", "{34892886-971C-4C96-22B3-0A7B88D507E1}"
EndProject
Project("{FAE04EC0-301F-11D3-BF4B-00C04F79EFBC}") = "PhotonUnityNetworking.Editor", "PhotonUnityNetworking.Editor.csproj", "{3BE020CE-1612-972E-003F-2B83234545A5}"
EndProject
Project("{FAE04EC0-301F-11D3-BF4B-00C04F79EFBC}") = "PunDemos.DemoHubEditor", "PunDemos.DemoHubEditor.csproj", "{4B77F1A1-C78A-8769-4B2D-DA83EA3CA094}"
EndProject
Project("{FAE04EC0-301F-11D3-BF4B-00C04F79EFBC}") = "PhotonUnityNetworking.Utilities.PhotonPlayer.Editor", "PhotonUnityNetworking.Utilities.PhotonPlayer.Editor.csproj", "{40554F0B-031D-FD2F-09C3-4E516C4A3500}"
EndProject
Project("{FAE04EC0-301F-11D3-BF4B-00C04F79EFBC}") = "PhotonUnityNetworking.Utilities.Culling.Editor", "PhotonUnityNetworking.Utilities.Culling.Editor.csproj", "{BA10685D-3247-E5FD-7DB1-9108E3061AE8}"
EndProject
Project("{FAE04EC0-301F-11D3-BF4B-00C04F79EFBC}") = "PunDemos.DemoSlotcarEditor", "PunDemos.DemoSlotcarEditor.csproj", "{2BF8B04F-F2CC-79D4-4F56-90497E36C75B}"
EndProject
Global
	GlobalSection(SolutionConfigurationPlatforms) = preSolution
		Debug|Any CPU = Debug|Any CPU
		Release|Any CPU = Release|Any CPU
	EndGlobalSection
	GlobalSection(ProjectConfigurationPlatforms) = postSolution
		{E6D2B752-C191-AB30-1854-40B59837CD0A}.Debug|Any CPU.ActiveCfg = Debug|Any CPU
		{E6D2B752-C191-AB30-1854-40B59837CD0A}.Debug|Any CPU.Build.0 = Debug|Any CPU
		{E6D2B752-C191-AB30-1854-40B59837CD0A}.Release|Any CPU.ActiveCfg = Release|Any CPU
		{E6D2B752-C191-AB30-1854-40B59837CD0A}.Release|Any CPU.Build.0 = Release|Any CPU
		{ACFB0337-70D3-00F6-AFD5-CD6559962C3F}.Debug|Any CPU.ActiveCfg = Debug|Any CPU
		{ACFB0337-70D3-00F6-AFD5-CD6559962C3F}.Debug|Any CPU.Build.0 = Debug|Any CPU
		{ACFB0337-70D3-00F6-AFD5-CD6559962C3F}.Release|Any CPU.ActiveCfg = Release|Any CPU
		{ACFB0337-70D3-00F6-AFD5-CD6559962C3F}.Release|Any CPU.Build.0 = Release|Any CPU
		{D3F190EF-0ED0-2AAE-D352-217542974145}.Debug|Any CPU.ActiveCfg = Debug|Any CPU
		{D3F190EF-0ED0-2AAE-D352-217542974145}.Debug|Any CPU.Build.0 = Debug|Any CPU
		{D3F190EF-0ED0-2AAE-D352-217542974145}.Release|Any CPU.ActiveCfg = Release|Any CPU
		{D3F190EF-0ED0-2AAE-D352-217542974145}.Release|Any CPU.Build.0 = Release|Any CPU
		{7BF2EB31-A3BB-9EF0-93FF-EA962CBD75FB}.Debug|Any CPU.ActiveCfg = Debug|Any CPU
		{7BF2EB31-A3BB-9EF0-93FF-EA962CBD75FB}.Debug|Any CPU.Build.0 = Debug|Any CPU
		{7BF2EB31-A3BB-9EF0-93FF-EA962CBD75FB}.Release|Any CPU.ActiveCfg = Release|Any CPU
		{7BF2EB31-A3BB-9EF0-93FF-EA962CBD75FB}.Release|Any CPU.Build.0 = Release|Any CPU
		{3CB8DC89-43A2-AE1B-1BD3-51C9B3F548D5}.Debug|Any CPU.ActiveCfg = Debug|Any CPU
		{3CB8DC89-43A2-AE1B-1BD3-51C9B3F548D5}.Debug|Any CPU.Build.0 = Debug|Any CPU
		{3CB8DC89-43A2-AE1B-1BD3-51C9B3F548D5}.Release|Any CPU.ActiveCfg = Release|Any CPU
		{3CB8DC89-43A2-AE1B-1BD3-51C9B3F548D5}.Release|Any CPU.Build.0 = Release|Any CPU
		{9D334D70-174E-2F9D-8B55-120CE28135EB}.Debug|Any CPU.ActiveCfg = Debug|Any CPU
		{9D334D70-174E-2F9D-8B55-120CE28135EB}.Debug|Any CPU.Build.0 = Debug|Any CPU
		{9D334D70-174E-2F9D-8B55-120CE28135EB}.Release|Any CPU.ActiveCfg = Release|Any CPU
		{9D334D70-174E-2F9D-8B55-120CE28135EB}.Release|Any CPU.Build.0 = Release|Any CPU
		{72886309-9523-DB91-7B18-7F91294376C3}.Debug|Any CPU.ActiveCfg = Debug|Any CPU
		{72886309-9523-DB91-7B18-7F91294376C3}.Debug|Any CPU.Build.0 = Debug|Any CPU
		{72886309-9523-DB91-7B18-7F91294376C3}.Release|Any CPU.ActiveCfg = Release|Any CPU
		{72886309-9523-DB91-7B18-7F91294376C3}.Release|Any CPU.Build.0 = Release|Any CPU
		{34892886-971C-4C96-22B3-0A7B88D507E1}.Debug|Any CPU.ActiveCfg = Debug|Any CPU
		{34892886-971C-4C96-22B3-0A7B88D507E1}.Debug|Any CPU.Build.0 = Debug|Any CPU
		{34892886-971C-4C96-22B3-0A7B88D507E1}.Release|Any CPU.ActiveCfg = Release|Any CPU
		{34892886-971C-4C96-22B3-0A7B88D507E1}.Release|Any CPU.Build.0 = Release|Any CPU
		{3BE020CE-1612-972E-003F-2B83234545A5}.Debug|Any CPU.ActiveCfg = Debug|Any CPU
		{3BE020CE-1612-972E-003F-2B83234545A5}.Debug|Any CPU.Build.0 = Debug|Any CPU
		{3BE020CE-1612-972E-003F-2B83234545A5}.Release|Any CPU.ActiveCfg = Release|Any CPU
		{3BE020CE-1612-972E-003F-2B83234545A5}.Release|Any CPU.Build.0 = Release|Any CPU
		{4B77F1A1-C78A-8769-4B2D-DA83EA3CA094}.Debug|Any CPU.ActiveCfg = Debug|Any CPU
		{4B77F1A1-C78A-8769-4B2D-DA83EA3CA094}.Debug|Any CPU.Build.0 = Debug|Any CPU
		{4B77F1A1-C78A-8769-4B2D-DA83EA3CA094}.Release|Any CPU.ActiveCfg = Release|Any CPU
		{4B77F1A1-C78A-8769-4B2D-DA83EA3CA094}.Release|Any CPU.Build.0 = Release|Any CPU
		{40554F0B-031D-FD2F-09C3-4E516C4A3500}.Debug|Any CPU.ActiveCfg = Debug|Any CPU
		{40554F0B-031D-FD2F-09C3-4E516C4A3500}.Debug|Any CPU.Build.0 = Debug|Any CPU
		{40554F0B-031D-FD2F-09C3-4E516C4A3500}.Release|Any CPU.ActiveCfg = Release|Any CPU
		{40554F0B-031D-FD2F-09C3-4E516C4A3500}.Release|Any CPU.Build.0 = Release|Any CPU
		{BA10685D-3247-E5FD-7DB1-9108E3061AE8}.Debug|Any CPU.ActiveCfg = Debug|Any CPU
		{BA10685D-3247-E5FD-7DB1-9108E3061AE8}.Debug|Any CPU.Build.0 = Debug|Any CPU
		{BA10685D-3247-E5FD-7DB1-9108E3061AE8}.Release|Any CPU.ActiveCfg = Release|Any CPU
		{BA10685D-3247-E5FD-7DB1-9108E3061AE8}.Release|Any CPU.Build.0 = Release|Any CPU
		{2BF8B04F-F2CC-79D4-4F56-90497E36C75B}.Debug|Any CPU.ActiveCfg = Debug|Any CPU
		{2BF8B04F-F2CC-79D4-4F56-90497E36C75B}.Debug|Any CPU.Build.0 = Debug|Any CPU
		{2BF8B04F-F2CC-79D4-4F56-90497E36C75B}.Release|Any CPU.ActiveCfg = Release|Any CPU
		{2BF8B04F-F2CC-79D4-4F56-90497E36C75B}.Release|Any CPU.Build.0 = Release|Any CPU
	EndGlobalSection
	GlobalSection(SolutionProperties) = preSolution
		HideSolutionNode = FALSE
	EndGlobalSection
EndGlobal
